
Microsoft Visual Studio Solution File, Format Version 12.00
# Visual Studio Version 17
VisualStudioVersion = 17.11.35327.3
MinimumVisualStudioVersion = 10.0.40219.1
Project("{FAE04EC0-301F-11D3-BF4B-00C04F79EFBC}") = "DelimiterSeparatedValueWrapperFramework", "DelimiterSeparatedValueWrapperFramework\DelimiterSeparatedValueWrapperFramework.csproj", "{A4184F47-9969-461C-9353-B7F4AC5CFA3A}"
EndProject
Project("{FAE04EC0-301F-11D3-BF4B-00C04F79EFBC}") = "UnitTest", "UnitTest.csproj\UnitTest.csproj", "{DB46DA65-7AAE-44C0-8718-1C6687835738}"
EndProject
Global
	GlobalSection(SolutionConfigurationPlatforms) = preSolution
		Debug|Any CPU = Debug|Any CPU
		Release|Any CPU = Release|Any CPU
	EndGlobalSection
	GlobalSection(ProjectConfigurationPlatforms) = postSolution
		{A4184F47-9969-461C-9353-B7F4AC5CFA3A}.Debug|Any CPU.ActiveCfg = Debug|Any CPU
		{A4184F47-9969-461C-9353-B7F4AC5CFA3A}.Debug|Any CPU.Build.0 = Debug|Any CPU
		{A4184F47-9969-461C-9353-B7F4AC5CFA3A}.Release|Any CPU.ActiveCfg = Release|Any CPU
		{A4184F47-9969-461C-9353-B7F4AC5CFA3A}.Release|Any CPU.Build.0 = Release|Any CPU
		{DB46DA65-7AAE-44C0-8718-1C6687835738}.Debug|Any CPU.ActiveCfg = Debug|Any CPU
		{DB46DA65-7AAE-44C0-8718-1C6687835738}.Debug|Any CPU.Build.0 = Debug|Any CPU
		{DB46DA65-7AAE-44C0-8718-1C6687835738}.Release|Any CPU.ActiveCfg = Release|Any CPU
		{DB46DA65-7AAE-44C0-8718-1C6687835738}.Release|Any CPU.Build.0 = Release|Any CPU
	EndGlobalSection
	GlobalSection(SolutionProperties) = preSolution
		HideSolutionNode = FALSE
	EndGlobalSection
	GlobalSection(ExtensibilityGlobals) = postSolution
		SolutionGuid = {AB11B026-1C19-42AD-AE0F-479A926D8003}
	EndGlobalSection
EndGlobal
